
Microsoft Visual Studio Solution File, Format Version 12.00
# Visual Studio 15
VisualStudioVersion = 15.0.28307.489
MinimumVisualStudioVersion = 10.0.40219.1
Project("{FAE04EC0-301F-11D3-BF4B-00C04F79EFBC}") = "Fruit", "Fruit\Fruit.csproj", "{8609C300-EA9E-4D8A-ADB5-6DE6A9238420}"
EndProject
Global
	GlobalSection(SolutionConfigurationPlatforms) = preSolution
		Debug|Any CPU = Debug|Any CPU
		Release|Any CPU = Release|Any CPU
	EndGlobalSection
	GlobalSection(ProjectConfigurationPlatforms) = postSolution
		{8609C300-EA9E-4D8A-ADB5-6DE6A9238420}.Debug|Any CPU.ActiveCfg = Debug|Any CPU
		{8609C300-EA9E-4D8A-ADB5-6DE6A9238420}.Debug|Any CPU.Build.0 = Debug|Any CPU
		{8609C300-EA9E-4D8A-ADB5-6DE6A9238420}.Release|Any CPU.ActiveCfg = Release|Any CPU
		{8609C300-EA9E-4D8A-ADB5-6DE6A9238420}.Release|Any CPU.Build.0 = Release|Any CPU
	EndGlobalSection
	GlobalSection(SolutionProperties) = preSolution
		HideSolutionNode = FALSE
	EndGlobalSection
	GlobalSection(ExtensibilityGlobals) = postSolution
		SolutionGuid = {A97FAC26-1FF4-4127-8207-D27C96DCF46F}
	EndGlobalSection
EndGlobal
